// !$*UTF8*$!
{
	archiveVersion = 1;
	classes = {
	};
	objectVersion = 56;
	objects = {

/* Begin PBXBuildFile section */
		052D81332BB8B29E00C8BB26 /* CutKostApp.swift in Sources */ = {isa = PBXBuildFile; fileRef = 052D81322BB8B29E00C8BB26 /* CutKostApp.swift */; };
		052D81352BB8B29E00C8BB26 /* MainView.swift in Sources */ = {isa = PBXBuildFile; fileRef = 052D81342BB8B29E00C8BB26 /* MainView.swift */; };
		052D81372BB8B29F00C8BB26 /* Assets.xcassets in Resources */ = {isa = PBXBuildFile; fileRef = 052D81362BB8B29F00C8BB26 /* Assets.xcassets */; };
		052D813A2BB8B29F00C8BB26 /* Preview Assets.xcassets in Resources */ = {isa = PBXBuildFile; fileRef = 052D81392BB8B29F00C8BB26 /* Preview Assets.xcassets */; };
		052D81422BB8B2E200C8BB26 /* RecipeModel.swift in Sources */ = {isa = PBXBuildFile; fileRef = 052D81412BB8B2E200C8BB26 /* RecipeModel.swift */; };
		052D81452BB8B32300C8BB26 /* RecipesJSONDecoder.swift in Sources */ = {isa = PBXBuildFile; fileRef = 052D81442BB8B32300C8BB26 /* RecipesJSONDecoder.swift */; };
		052D81472BB8B34700C8BB26 /* DeckModel.swift in Sources */ = {isa = PBXBuildFile; fileRef = 052D81462BB8B34700C8BB26 /* DeckModel.swift */; };
		052D814A2BB8B36F00C8BB26 /* Recipes.json in Resources */ = {isa = PBXBuildFile; fileRef = 052D81492BB8B36F00C8BB26 /* Recipes.json */; };
		052D814C2BB8B38400C8BB26 /* RecipeViewModel.swift in Sources */ = {isa = PBXBuildFile; fileRef = 052D814B2BB8B38400C8BB26 /* RecipeViewModel.swift */; };
		052D814F2BB8B51600C8BB26 /* RecipeListView.swift in Sources */ = {isa = PBXBuildFile; fileRef = 052D814E2BB8B51600C8BB26 /* RecipeListView.swift */; };
		052D81522BB8B60200C8BB26 /* URLImageView.swift in Sources */ = {isa = PBXBuildFile; fileRef = 052D81512BB8B60200C8BB26 /* URLImageView.swift */; };
		052D81542BB8C1D700C8BB26 /* DeckViewModel.swift in Sources */ = {isa = PBXBuildFile; fileRef = 052D81532BB8C1D700C8BB26 /* DeckViewModel.swift */; };
		052D81562BB8CC7C00C8BB26 /* TempDeckListView.swift in Sources */ = {isa = PBXBuildFile; fileRef = 052D81552BB8CC7C00C8BB26 /* TempDeckListView.swift */; };
		052D81582BB8DC1500C8BB26 /* NewDeckView.swift in Sources */ = {isa = PBXBuildFile; fileRef = 052D81572BB8DC1500C8BB26 /* NewDeckView.swift */; };
		052D815A2BB8DFFD00C8BB26 /* DeckListView.swift in Sources */ = {isa = PBXBuildFile; fileRef = 052D81592BB8DFFD00C8BB26 /* DeckListView.swift */; };
		052D815C2BB9BAE900C8BB26 /* TempDeckItemView.swift in Sources */ = {isa = PBXBuildFile; fileRef = 052D815B2BB9BAE900C8BB26 /* TempDeckItemView.swift */; };
		052D817A2BBAD89300C8BB26 /* ExploreView.swift in Sources */ = {isa = PBXBuildFile; fileRef = 052D81792BBAD89300C8BB26 /* ExploreView.swift */; };
		052D817E2BBAFD9500C8BB26 /* ExploreListView.swift in Sources */ = {isa = PBXBuildFile; fileRef = 052D817D2BBAFD9500C8BB26 /* ExploreListView.swift */; };
		052D81822BBB32A100C8BB26 /* FilterOptionsView.swift in Sources */ = {isa = PBXBuildFile; fileRef = 052D81812BBB32A100C8BB26 /* FilterOptionsView.swift */; };
/* End PBXBuildFile section */

/* Begin PBXFileReference section */
		052D812F2BB8B29E00C8BB26 /* CutKost.app */ = {isa = PBXFileReference; explicitFileType = wrapper.application; includeInIndex = 0; path = CutKost.app; sourceTree = BUILT_PRODUCTS_DIR; };
		052D81322BB8B29E00C8BB26 /* CutKostApp.swift */ = {isa = PBXFileReference; lastKnownFileType = sourcecode.swift; path = CutKostApp.swift; sourceTree = "<group>"; };
		052D81342BB8B29E00C8BB26 /* MainView.swift */ = {isa = PBXFileReference; lastKnownFileType = sourcecode.swift; path = MainView.swift; sourceTree = "<group>"; };
		052D81362BB8B29F00C8BB26 /* Assets.xcassets */ = {isa = PBXFileReference; lastKnownFileType = folder.assetcatalog; path = Assets.xcassets; sourceTree = "<group>"; };
		052D81392BB8B29F00C8BB26 /* Preview Assets.xcassets */ = {isa = PBXFileReference; lastKnownFileType = folder.assetcatalog; path = "Preview Assets.xcassets"; sourceTree = "<group>"; };
		052D81412BB8B2E200C8BB26 /* RecipeModel.swift */ = {isa = PBXFileReference; lastKnownFileType = sourcecode.swift; path = RecipeModel.swift; sourceTree = "<group>"; };
		052D81442BB8B32300C8BB26 /* RecipesJSONDecoder.swift */ = {isa = PBXFileReference; lastKnownFileType = sourcecode.swift; path = RecipesJSONDecoder.swift; sourceTree = "<group>"; };
		052D81462BB8B34700C8BB26 /* DeckModel.swift */ = {isa = PBXFileReference; lastKnownFileType = sourcecode.swift; path = DeckModel.swift; sourceTree = "<group>"; };
		052D81492BB8B36F00C8BB26 /* Recipes.json */ = {isa = PBXFileReference; lastKnownFileType = text.json; path = Recipes.json; sourceTree = "<group>"; };
		052D814B2BB8B38400C8BB26 /* RecipeViewModel.swift */ = {isa = PBXFileReference; lastKnownFileType = sourcecode.swift; path = RecipeViewModel.swift; sourceTree = "<group>"; };
		052D814E2BB8B51600C8BB26 /* RecipeListView.swift */ = {isa = PBXFileReference; lastKnownFileType = sourcecode.swift; path = RecipeListView.swift; sourceTree = "<group>"; };
		052D81512BB8B60200C8BB26 /* URLImageView.swift */ = {isa = PBXFileReference; lastKnownFileType = sourcecode.swift; path = URLImageView.swift; sourceTree = "<group>"; };
		052D81532BB8C1D700C8BB26 /* DeckViewModel.swift */ = {isa = PBXFileReference; lastKnownFileType = sourcecode.swift; path = DeckViewModel.swift; sourceTree = "<group>"; };
		052D81552BB8CC7C00C8BB26 /* TempDeckListView.swift */ = {isa = PBXFileReference; lastKnownFileType = sourcecode.swift; path = TempDeckListView.swift; sourceTree = "<group>"; };
		052D81572BB8DC1500C8BB26 /* NewDeckView.swift */ = {isa = PBXFileReference; lastKnownFileType = sourcecode.swift; path = NewDeckView.swift; sourceTree = "<group>"; };
		052D81592BB8DFFD00C8BB26 /* DeckListView.swift */ = {isa = PBXFileReference; lastKnownFileType = sourcecode.swift; path = DeckListView.swift; sourceTree = "<group>"; };
		052D815B2BB9BAE900C8BB26 /* TempDeckItemView.swift */ = {isa = PBXFileReference; lastKnownFileType = sourcecode.swift; path = TempDeckItemView.swift; sourceTree = "<group>"; };
		052D81792BBAD89300C8BB26 /* ExploreView.swift */ = {isa = PBXFileReference; lastKnownFileType = sourcecode.swift; path = ExploreView.swift; sourceTree = "<group>"; };
		052D817D2BBAFD9500C8BB26 /* ExploreListView.swift */ = {isa = PBXFileReference; lastKnownFileType = sourcecode.swift; path = ExploreListView.swift; sourceTree = "<group>"; };
		052D81812BBB32A100C8BB26 /* FilterOptionsView.swift */ = {isa = PBXFileReference; lastKnownFileType = sourcecode.swift; path = FilterOptionsView.swift; sourceTree = "<group>"; };
/* End PBXFileReference section */

/* Begin PBXFrameworksBuildPhase section */
		052D812C2BB8B29E00C8BB26 /* Frameworks */ = {
			isa = PBXFrameworksBuildPhase;
			buildActionMask = 2147483647;
			files = (
			);
			runOnlyForDeploymentPostprocessing = 0;
		};
/* End PBXFrameworksBuildPhase section */

/* Begin PBXGroup section */
		052D81262BB8B29E00C8BB26 = {
			isa = PBXGroup;
			children = (
				052D81312BB8B29E00C8BB26 /* CutKost */,
				052D81302BB8B29E00C8BB26 /* Products */,
			);
			sourceTree = "<group>";
		};
		052D81302BB8B29E00C8BB26 /* Products */ = {
			isa = PBXGroup;
			children = (
				052D812F2BB8B29E00C8BB26 /* CutKost.app */,
			);
			name = Products;
			sourceTree = "<group>";
		};
		052D81312BB8B29E00C8BB26 /* CutKost */ = {
			isa = PBXGroup;
			children = (
				052D81322BB8B29E00C8BB26 /* CutKostApp.swift */,
				052D81432BB8B30F00C8BB26 /* JSONDecoder */,
				052D81482BB8B35100C8BB26 /* ViewModels */,
				052D81402BB8B2BE00C8BB26 /* Models */,
				052D814D2BB8B50600C8BB26 /* Views */,
				052D81362BB8B29F00C8BB26 /* Assets.xcassets */,
				052D81382BB8B29F00C8BB26 /* Preview Content */,
			);
			path = CutKost;
			sourceTree = "<group>";
		};
		052D81382BB8B29F00C8BB26 /* Preview Content */ = {
			isa = PBXGroup;
			children = (
				052D81392BB8B29F00C8BB26 /* Preview Assets.xcassets */,
			);
			path = "Preview Content";
			sourceTree = "<group>";
		};
		052D81402BB8B2BE00C8BB26 /* Models */ = {
			isa = PBXGroup;
			children = (
				052D81412BB8B2E200C8BB26 /* RecipeModel.swift */,
				052D81462BB8B34700C8BB26 /* DeckModel.swift */,
			);
			path = Models;
			sourceTree = "<group>";
		};
		052D81432BB8B30F00C8BB26 /* JSONDecoder */ = {
			isa = PBXGroup;
			children = (
				052D81442BB8B32300C8BB26 /* RecipesJSONDecoder.swift */,
			);
			path = JSONDecoder;
			sourceTree = "<group>";
		};
		052D81482BB8B35100C8BB26 /* ViewModels */ = {
			isa = PBXGroup;
			children = (
				052D81492BB8B36F00C8BB26 /* Recipes.json */,
				052D814B2BB8B38400C8BB26 /* RecipeViewModel.swift */,
				052D81532BB8C1D700C8BB26 /* DeckViewModel.swift */,
			);
			path = ViewModels;
			sourceTree = "<group>";
		};
		052D814D2BB8B50600C8BB26 /* Views */ = {
			isa = PBXGroup;
			children = (
				052D81342BB8B29E00C8BB26 /* MainView.swift */,
				052D814E2BB8B51600C8BB26 /* RecipeListView.swift */,
				052D81552BB8CC7C00C8BB26 /* TempDeckListView.swift */,
				052D815B2BB9BAE900C8BB26 /* TempDeckItemView.swift */,
				052D81592BB8DFFD00C8BB26 /* DeckListView.swift */,
				052D81572BB8DC1500C8BB26 /* NewDeckView.swift */,
				052D81792BBAD89300C8BB26 /* ExploreView.swift */,
				052D817D2BBAFD9500C8BB26 /* ExploreListView.swift */,
				052D81812BBB32A100C8BB26 /* FilterOptionsView.swift */,
				052D81502BB8B5F200C8BB26 /* Components */,
			);
			path = Views;
			sourceTree = "<group>";
		};
		052D81502BB8B5F200C8BB26 /* Components */ = {
			isa = PBXGroup;
			children = (
				052D81512BB8B60200C8BB26 /* URLImageView.swift */,
			);
			path = Components;
			sourceTree = "<group>";
		};
/* End PBXGroup section */

/* Begin PBXNativeTarget section */
		052D812E2BB8B29E00C8BB26 /* CutKost */ = {
			isa = PBXNativeTarget;
			buildConfigurationList = 052D813D2BB8B29F00C8BB26 /* Build configuration list for PBXNativeTarget "CutKost" */;
			buildPhases = (
				052D812B2BB8B29E00C8BB26 /* Sources */,
				052D812C2BB8B29E00C8BB26 /* Frameworks */,
				052D812D2BB8B29E00C8BB26 /* Resources */,
			);
			buildRules = (
			);
			dependencies = (
			);
			name = CutKost;
			productName = CutKost;
			productReference = 052D812F2BB8B29E00C8BB26 /* CutKost.app */;
			productType = "com.apple.product-type.application";
		};
/* End PBXNativeTarget section */

/* Begin PBXProject section */
		052D81272BB8B29E00C8BB26 /* Project object */ = {
			isa = PBXProject;
			attributes = {
				BuildIndependentTargetsInParallel = 1;
				LastSwiftUpdateCheck = 1530;
				LastUpgradeCheck = 1530;
				TargetAttributes = {
					052D812E2BB8B29E00C8BB26 = {
						CreatedOnToolsVersion = 15.3;
					};
				};
			};
			buildConfigurationList = 052D812A2BB8B29E00C8BB26 /* Build configuration list for PBXProject "CutKost" */;
			compatibilityVersion = "Xcode 14.0";
			developmentRegion = en;
			hasScannedForEncodings = 0;
			knownRegions = (
				en,
				Base,
			);
			mainGroup = 052D81262BB8B29E00C8BB26;
			productRefGroup = 052D81302BB8B29E00C8BB26 /* Products */;
			projectDirPath = "";
			projectRoot = "";
			targets = (
				052D812E2BB8B29E00C8BB26 /* CutKost */,
			);
		};
/* End PBXProject section */

/* Begin PBXResourcesBuildPhase section */
		052D812D2BB8B29E00C8BB26 /* Resources */ = {
			isa = PBXResourcesBuildPhase;
			buildActionMask = 2147483647;
			files = (
				052D813A2BB8B29F00C8BB26 /* Preview Assets.xcassets in Resources */,
				052D814A2BB8B36F00C8BB26 /* Recipes.json in Resources */,
				052D81372BB8B29F00C8BB26 /* Assets.xcassets in Resources */,
			);
			runOnlyForDeploymentPostprocessing = 0;
		};
/* End PBXResourcesBuildPhase section */

/* Begin PBXSourcesBuildPhase section */
		052D812B2BB8B29E00C8BB26 /* Sources */ = {
			isa = PBXSourcesBuildPhase;
			buildActionMask = 2147483647;
			files = (
				052D817A2BBAD89300C8BB26 /* ExploreView.swift in Sources */,
				052D81352BB8B29E00C8BB26 /* MainView.swift in Sources */,
				052D81562BB8CC7C00C8BB26 /* TempDeckListView.swift in Sources */,
				052D814F2BB8B51600C8BB26 /* RecipeListView.swift in Sources */,
				052D815A2BB8DFFD00C8BB26 /* DeckListView.swift in Sources */,
				052D817E2BBAFD9500C8BB26 /* ExploreListView.swift in Sources */,
				052D81472BB8B34700C8BB26 /* DeckModel.swift in Sources */,
				052D81332BB8B29E00C8BB26 /* CutKostApp.swift in Sources */,
				052D81582BB8DC1500C8BB26 /* NewDeckView.swift in Sources */,
				052D81452BB8B32300C8BB26 /* RecipesJSONDecoder.swift in Sources */,
				052D814C2BB8B38400C8BB26 /* RecipeViewModel.swift in Sources */,
				052D81542BB8C1D700C8BB26 /* DeckViewModel.swift in Sources */,
				052D815C2BB9BAE900C8BB26 /* TempDeckItemView.swift in Sources */,
				052D81522BB8B60200C8BB26 /* URLImageView.swift in Sources */,
				052D81422BB8B2E200C8BB26 /* RecipeModel.swift in Sources */,
				052D81822BBB32A100C8BB26 /* FilterOptionsView.swift in Sources */,
			);
			runOnlyForDeploymentPostprocessing = 0;
		};
/* End PBXSourcesBuildPhase section */

/* Begin XCBuildConfiguration section */
		052D813B2BB8B29F00C8BB26 /* Debug */ = {
			isa = XCBuildConfiguration;
			buildSettings = {
				ALWAYS_SEARCH_USER_PATHS = NO;
				ASSETCATALOG_COMPILER_GENERATE_SWIFT_ASSET_SYMBOL_EXTENSIONS = YES;
				CLANG_ANALYZER_NONNULL = YES;
				CLANG_ANALYZER_NUMBER_OBJECT_CONVERSION = YES_AGGRESSIVE;
				CLANG_CXX_LANGUAGE_STANDARD = "gnu++20";
				CLANG_ENABLE_MODULES = YES;
				CLANG_ENABLE_OBJC_ARC = YES;
				CLANG_ENABLE_OBJC_WEAK = YES;
				CLANG_WARN_BLOCK_CAPTURE_AUTORELEASING = YES;
				CLANG_WARN_BOOL_CONVERSION = YES;
				CLANG_WARN_COMMA = YES;
				CLANG_WARN_CONSTANT_CONVERSION = YES;
				CLANG_WARN_DEPRECATED_OBJC_IMPLEMENTATIONS = YES;
				CLANG_WARN_DIRECT_OBJC_ISA_USAGE = YES_ERROR;
				CLANG_WARN_DOCUMENTATION_COMMENTS = YES;
				CLANG_WARN_EMPTY_BODY = YES;
				CLANG_WARN_ENUM_CONVERSION = YES;
				CLANG_WARN_INFINITE_RECURSION = YES;
				CLANG_WARN_INT_CONVERSION = YES;
				CLANG_WARN_NON_LITERAL_NULL_CONVERSION = YES;
				CLANG_WARN_OBJC_IMPLICIT_RETAIN_SELF = YES;
				CLANG_WARN_OBJC_LITERAL_CONVERSION = YES;
				CLANG_WARN_OBJC_ROOT_CLASS = YES_ERROR;
				CLANG_WARN_QUOTED_INCLUDE_IN_FRAMEWORK_HEADER = YES;
				CLANG_WARN_RANGE_LOOP_ANALYSIS = YES;
				CLANG_WARN_STRICT_PROTOTYPES = YES;
				CLANG_WARN_SUSPICIOUS_MOVE = YES;
				CLANG_WARN_UNGUARDED_AVAILABILITY = YES_AGGRESSIVE;
				CLANG_WARN_UNREACHABLE_CODE = YES;
				CLANG_WARN__DUPLICATE_METHOD_MATCH = YES;
				COPY_PHASE_STRIP = NO;
				DEBUG_INFORMATION_FORMAT = dwarf;
				ENABLE_STRICT_OBJC_MSGSEND = YES;
				ENABLE_TESTABILITY = YES;
				ENABLE_USER_SCRIPT_SANDBOXING = YES;
				GCC_C_LANGUAGE_STANDARD = gnu17;
				GCC_DYNAMIC_NO_PIC = NO;
				GCC_NO_COMMON_BLOCKS = YES;
				GCC_OPTIMIZATION_LEVEL = 0;
				GCC_PREPROCESSOR_DEFINITIONS = (
					"DEBUG=1",
					"$(inherited)",
				);
				GCC_WARN_64_TO_32_BIT_CONVERSION = YES;
				GCC_WARN_ABOUT_RETURN_TYPE = YES_ERROR;
				GCC_WARN_UNDECLARED_SELECTOR = YES;
				GCC_WARN_UNINITIALIZED_AUTOS = YES_AGGRESSIVE;
				GCC_WARN_UNUSED_FUNCTION = YES;
				GCC_WARN_UNUSED_VARIABLE = YES;
				IPHONEOS_DEPLOYMENT_TARGET = 17.4;
				LOCALIZATION_PREFERS_STRING_CATALOGS = YES;
				MTL_ENABLE_DEBUG_INFO = INCLUDE_SOURCE;
				MTL_FAST_MATH = YES;
				ONLY_ACTIVE_ARCH = YES;
				SDKROOT = iphoneos;
				SWIFT_ACTIVE_COMPILATION_CONDITIONS = "DEBUG $(inherited)";
				SWIFT_OPTIMIZATION_LEVEL = "-Onone";
			};
			name = Debug;
		};
		052D813C2BB8B29F00C8BB26 /* Release */ = {
			isa = XCBuildConfiguration;
			buildSettings = {
				ALWAYS_SEARCH_USER_PATHS = NO;
				ASSETCATALOG_COMPILER_GENERATE_SWIFT_ASSET_SYMBOL_EXTENSIONS = YES;
				CLANG_ANALYZER_NONNULL = YES;
				CLANG_ANALYZER_NUMBER_OBJECT_CONVERSION = YES_AGGRESSIVE;
				CLANG_CXX_LANGUAGE_STANDARD = "gnu++20";
				CLANG_ENABLE_MODULES = YES;
				CLANG_ENABLE_OBJC_ARC = YES;
				CLANG_ENABLE_OBJC_WEAK = YES;
				CLANG_WARN_BLOCK_CAPTURE_AUTORELEASING = YES;
				CLANG_WARN_BOOL_CONVERSION = YES;
				CLANG_WARN_COMMA = YES;
				CLANG_WARN_CONSTANT_CONVERSION = YES;
				CLANG_WARN_DEPRECATED_OBJC_IMPLEMENTATIONS = YES;
				CLANG_WARN_DIRECT_OBJC_ISA_USAGE = YES_ERROR;
				CLANG_WARN_DOCUMENTATION_COMMENTS = YES;
				CLANG_WARN_EMPTY_BODY = YES;
				CLANG_WARN_ENUM_CONVERSION = YES;
				CLANG_WARN_INFINITE_RECURSION = YES;
				CLANG_WARN_INT_CONVERSION = YES;
				CLANG_WARN_NON_LITERAL_NULL_CONVERSION = YES;
				CLANG_WARN_OBJC_IMPLICIT_RETAIN_SELF = YES;
				CLANG_WARN_OBJC_LITERAL_CONVERSION = YES;
				CLANG_WARN_OBJC_ROOT_CLASS = YES_ERROR;
				CLANG_WARN_QUOTED_INCLUDE_IN_FRAMEWORK_HEADER = YES;
				CLANG_WARN_RANGE_LOOP_ANALYSIS = YES;
				CLANG_WARN_STRICT_PROTOTYPES = YES;
				CLANG_WARN_SUSPICIOUS_MOVE = YES;
				CLANG_WARN_UNGUARDED_AVAILABILITY = YES_AGGRESSIVE;
				CLANG_WARN_UNREACHABLE_CODE = YES;
				CLANG_WARN__DUPLICATE_METHOD_MATCH = YES;
				COPY_PHASE_STRIP = NO;
				DEBUG_INFORMATION_FORMAT = "dwarf-with-dsym";
				ENABLE_NS_ASSERTIONS = NO;
				ENABLE_STRICT_OBJC_MSGSEND = YES;
				ENABLE_USER_SCRIPT_SANDBOXING = YES;
				GCC_C_LANGUAGE_STANDARD = gnu17;
				GCC_NO_COMMON_BLOCKS = YES;
				GCC_WARN_64_TO_32_BIT_CONVERSION = YES;
				GCC_WARN_ABOUT_RETURN_TYPE = YES_ERROR;
				GCC_WARN_UNDECLARED_SELECTOR = YES;
				GCC_WARN_UNINITIALIZED_AUTOS = YES_AGGRESSIVE;
				GCC_WARN_UNUSED_FUNCTION = YES;
				GCC_WARN_UNUSED_VARIABLE = YES;
				IPHONEOS_DEPLOYMENT_TARGET = 17.4;
				LOCALIZATION_PREFERS_STRING_CATALOGS = YES;
				MTL_ENABLE_DEBUG_INFO = NO;
				MTL_FAST_MATH = YES;
				SDKROOT = iphoneos;
				SWIFT_COMPILATION_MODE = wholemodule;
				VALIDATE_PRODUCT = YES;
			};
			name = Release;
		};
		052D813E2BB8B29F00C8BB26 /* Debug */ = {
			isa = XCBuildConfiguration;
			buildSettings = {
				ASSETCATALOG_COMPILER_APPICON_NAME = AppIcon;
				ASSETCATALOG_COMPILER_GLOBAL_ACCENT_COLOR_NAME = AccentColor;
				CODE_SIGN_STYLE = Automatic;
				CURRENT_PROJECT_VERSION = 1;
				DEVELOPMENT_ASSET_PATHS = "\"CutKost/Preview Content\"";
				ENABLE_PREVIEWS = YES;
				GENERATE_INFOPLIST_FILE = YES;
				INFOPLIST_KEY_UIApplicationSceneManifest_Generation = YES;
				INFOPLIST_KEY_UIApplicationSupportsIndirectInputEvents = YES;
				INFOPLIST_KEY_UILaunchScreen_Generation = YES;
				INFOPLIST_KEY_UISupportedInterfaceOrientations_iPad = "UIInterfaceOrientationPortrait UIInterfaceOrientationPortraitUpsideDown UIInterfaceOrientationLandscapeLeft UIInterfaceOrientationLandscapeRight";
				INFOPLIST_KEY_UISupportedInterfaceOrientations_iPhone = "UIInterfaceOrientationPortrait UIInterfaceOrientationLandscapeLeft UIInterfaceOrientationLandscapeRight";
				LD_RUNPATH_SEARCH_PATHS = (
					"$(inherited)",
					"@executable_path/Frameworks",
				);
				MARKETING_VERSION = 1.0;
				PRODUCT_BUNDLE_IDENTIFIER = com.lucky.CutKost;
				PRODUCT_NAME = "$(TARGET_NAME)";
				SWIFT_EMIT_LOC_STRINGS = YES;
				SWIFT_VERSION = 5.0;
				TARGETED_DEVICE_FAMILY = "1,2";
			};
			name = Debug;
		};
		052D813F2BB8B29F00C8BB26 /* Release */ = {
			isa = XCBuildConfiguration;
			buildSettings = {
				ASSETCATALOG_COMPILER_APPICON_NAME = AppIcon;
				ASSETCATALOG_COMPILER_GLOBAL_ACCENT_COLOR_NAME = AccentColor;
				CODE_SIGN_STYLE = Automatic;
				CURRENT_PROJECT_VERSION = 1;
				DEVELOPMENT_ASSET_PATHS = "\"CutKost/Preview Content\"";
				ENABLE_PREVIEWS = YES;
				GENERATE_INFOPLIST_FILE = YES;
				INFOPLIST_KEY_UIApplicationSceneManifest_Generation = YES;
				INFOPLIST_KEY_UIApplicationSupportsIndirectInputEvents = YES;
				INFOPLIST_KEY_UILaunchScreen_Generation = YES;
				INFOPLIST_KEY_UISupportedInterfaceOrientations_iPad = "UIInterfaceOrientationPortrait UIInterfaceOrientationPortraitUpsideDown UIInterfaceOrientationLandscapeLeft UIInterfaceOrientationLandscapeRight";
				INFOPLIST_KEY_UISupportedInterfaceOrientations_iPhone = "UIInterfaceOrientationPortrait UIInterfaceOrientationLandscapeLeft UIInterfaceOrientationLandscapeRight";
				LD_RUNPATH_SEARCH_PATHS = (
					"$(inherited)",
					"@executable_path/Frameworks",
				);
				MARKETING_VERSION = 1.0;
				PRODUCT_BUNDLE_IDENTIFIER = com.lucky.CutKost;
				PRODUCT_NAME = "$(TARGET_NAME)";
				SWIFT_EMIT_LOC_STRINGS = YES;
				SWIFT_VERSION = 5.0;
				TARGETED_DEVICE_FAMILY = "1,2";
			};
			name = Release;
		};
/* End XCBuildConfiguration section */

/* Begin XCConfigurationList section */
		052D812A2BB8B29E00C8BB26 /* Build configuration list for PBXProject "CutKost" */ = {
			isa = XCConfigurationList;
			buildConfigurations = (
				052D813B2BB8B29F00C8BB26 /* Debug */,
				052D813C2BB8B29F00C8BB26 /* Release */,
			);
			defaultConfigurationIsVisible = 0;
			defaultConfigurationName = Release;
		};
		052D813D2BB8B29F00C8BB26 /* Build configuration list for PBXNativeTarget "CutKost" */ = {
			isa = XCConfigurationList;
			buildConfigurations = (
				052D813E2BB8B29F00C8BB26 /* Debug */,
				052D813F2BB8B29F00C8BB26 /* Release */,
			);
			defaultConfigurationIsVisible = 0;
			defaultConfigurationName = Release;
		};
/* End XCConfigurationList section */
	};
	rootObject = 052D81272BB8B29E00C8BB26 /* Project object */;
}
